{
  "lockfileVersion": 1,
  "configVersion": 0,
  "workspaces": {
    "": {
      "dependencies": {
        "@clack/prompts": "^0.11.0",
        "@solidjs/meta": "^0.29.4",
        "@unocss/reset": "^66.5.4",
        "citty": "^0.1.6",
        "solid-notifications": "^1.2.0",
        "typescript": "^5.9.3",
      },
      "devDependencies": {
        "@ark-ui/solid": "^5.27.1",
        "@iconify-json/lucide": "^1.2.72",
        "@types/bun": "^1.3.1",
        "@unocss/preset-icons": "^66.5.4",
        "class-variance-authority": "^0.7.1",
        "clsx": "^2.1.1",
        "solid-js": "^1.9.10",
        "solid-motionone": "^1.0.4",
        "unocss-merge": "^0.6.0",
      },
    },
  },
  "packages": {
    "@antfu/install-pkg": ["@antfu/install-pkg@1.1.0", "", { "dependencies": { "package-manager-detector": "^1.3.0", "tinyexec": "^1.0.1" } }, "sha512-MGQsmw10ZyI+EJo45CdSER4zEb+p31LpDAFp2Z3gkSd1yqVZGi0Ebx++YTEMonJy4oChEMLsxZ64j8FH6sSqtQ=="],

    "@antfu/utils": ["@antfu/utils@9.2.1", "", {}, "sha512-TMilPqXyii1AsiEii6l6ubRzbo76p6oshUSYPaKsmXDavyMLqjzVDkcp3pHp5ELMUNJHATcEOGxKTTsX9yYhGg=="],

    "@ark-ui/solid": ["@ark-ui/solid@5.27.1", "", { "dependencies": { "@internationalized/date": "3.10.0", "@zag-js/accordion": "1.27.0", "@zag-js/anatomy": "1.27.0", "@zag-js/angle-slider": "1.27.0", "@zag-js/async-list": "1.27.0", "@zag-js/auto-resize": "1.27.0", "@zag-js/avatar": "1.27.0", "@zag-js/bottom-sheet": "1.27.0", "@zag-js/carousel": "1.27.0", "@zag-js/checkbox": "1.27.0", "@zag-js/clipboard": "1.27.0", "@zag-js/collapsible": "1.27.0", "@zag-js/collection": "1.27.0", "@zag-js/color-picker": "1.27.0", "@zag-js/color-utils": "1.27.0", "@zag-js/combobox": "1.27.0", "@zag-js/core": "1.27.0", "@zag-js/date-picker": "1.27.0", "@zag-js/date-utils": "1.27.0", "@zag-js/dialog": "1.27.0", "@zag-js/dom-query": "1.27.0", "@zag-js/editable": "1.27.0", "@zag-js/file-upload": "1.27.0", "@zag-js/file-utils": "1.27.0", "@zag-js/floating-panel": "1.27.0", "@zag-js/focus-trap": "1.27.0", "@zag-js/highlight-word": "1.27.0", "@zag-js/hover-card": "1.27.0", "@zag-js/i18n-utils": "1.27.0", "@zag-js/json-tree-utils": "1.27.0", "@zag-js/listbox": "1.27.0", "@zag-js/marquee": "1.27.0", "@zag-js/menu": "1.27.0", "@zag-js/number-input": "1.27.0", "@zag-js/pagination": "1.27.0", "@zag-js/password-input": "1.27.0", "@zag-js/pin-input": "1.27.0", "@zag-js/popover": "1.27.0", "@zag-js/presence": "1.27.0", "@zag-js/progress": "1.27.0", "@zag-js/qr-code": "1.27.0", "@zag-js/radio-group": "1.27.0", "@zag-js/rating-group": "1.27.0", "@zag-js/scroll-area": "1.27.0", "@zag-js/select": "1.27.0", "@zag-js/signature-pad": "1.27.0", "@zag-js/slider": "1.27.0", "@zag-js/solid": "1.27.0", "@zag-js/splitter": "1.27.0", "@zag-js/steps": "1.27.0", "@zag-js/switch": "1.27.0", "@zag-js/tabs": "1.27.0", "@zag-js/tags-input": "1.27.0", "@zag-js/timer": "1.27.0", "@zag-js/toast": "1.27.0", "@zag-js/toggle": "1.27.0", "@zag-js/toggle-group": "1.27.0", "@zag-js/tooltip": "1.27.0", "@zag-js/tour": "1.27.0", "@zag-js/tree-view": "1.27.0", "@zag-js/types": "1.27.0", "@zag-js/utils": "1.27.0" }, "peerDependencies": { "solid-js": ">=1.6.0" } }, "sha512-/edSXIgJm2/ZK7NrvS1sswk8XsGEPQO4nlM+9zZ00PUNXbwpcWSj3aSOdEKExr+upxSydSZ2pCtWIKVuVw+57Q=="],

    "@clack/core": ["@clack/core@0.5.0", "", { "dependencies": { "picocolors": "^1.0.0", "sisteransi": "^1.0.5" } }, "sha512-p3y0FIOwaYRUPRcMO7+dlmLh8PSRcrjuTndsiA0WAFbWES0mLZlrjVoBRZ9DzkPFJZG6KGkJmoEAY0ZcVWTkow=="],

    "@clack/prompts": ["@clack/prompts@0.11.0", "", { "dependencies": { "@clack/core": "0.5.0", "picocolors": "^1.0.0", "sisteransi": "^1.0.5" } }, "sha512-pMN5FcrEw9hUkZA4f+zLlzivQSeQf5dRGJjSUbvVYDLvpKCdQx5OaknvKzgbtXOizhP+SJJJjqEbOe55uKKfAw=="],

    "@floating-ui/core": ["@floating-ui/core@1.7.3", "", { "dependencies": { "@floating-ui/utils": "^0.2.10" } }, "sha512-sGnvb5dmrJaKEZ+LDIpguvdX3bDlEllmv4/ClQ9awcmCZrlx5jQyyMWFM5kBI+EyNOCDDiKk8il0zeuX3Zlg/w=="],

    "@floating-ui/dom": ["@floating-ui/dom@1.7.4", "", { "dependencies": { "@floating-ui/core": "^1.7.3", "@floating-ui/utils": "^0.2.10" } }, "sha512-OOchDgh4F2CchOX94cRVqhvy7b3AFb+/rQXyswmzmGakRfkMgoWVjfnLWkRirfLEfuD4ysVW16eXzwt3jHIzKA=="],

    "@floating-ui/utils": ["@floating-ui/utils@0.2.10", "", {}, "sha512-aGTxbpbg8/b5JfU1HXSrbH3wXZuLPJcNEcZQFMxLs3oSzgtVu6nFPkbbGGUvBcUjKV2YyB9Wxxabo+HEH9tcRQ=="],

    "@iconify-json/lucide": ["@iconify-json/lucide@1.2.72", "", { "dependencies": { "@iconify/types": "*" } }, "sha512-kq/ZDUtCdBfjGxIMaUI+Ctt3dC/0sHmrUyTU1i04+8ehlo3/PUGKqrJd4C9J/kQl1jfcHpaUPqGUFvgZ9orhQg=="],

    "@iconify/types": ["@iconify/types@2.0.0", "", {}, "sha512-+wluvCrRhXrhyOmRDJ3q8mux9JkKy5SJ/v8ol2tu4FVjyYvtEzkc/3pK15ET6RKg4b4w4BmTk1+gsCUhf21Ykg=="],

    "@iconify/utils": ["@iconify/utils@3.0.2", "", { "dependencies": { "@antfu/install-pkg": "^1.1.0", "@antfu/utils": "^9.2.0", "@iconify/types": "^2.0.0", "debug": "^4.4.1", "globals": "^15.15.0", "kolorist": "^1.8.0", "local-pkg": "^1.1.1", "mlly": "^1.7.4" } }, "sha512-EfJS0rLfVuRuJRn4psJHtK2A9TqVnkxPpHY6lYHiB9+8eSuudsxbwMiavocG45ujOo6FJ+CIRlRnlOGinzkaGQ=="],

    "@internationalized/date": ["@internationalized/date@3.10.0", "", { "dependencies": { "@swc/helpers": "^0.5.0" } }, "sha512-oxDR/NTEJ1k+UFVQElaNIk65E/Z83HK1z1WI3lQyhTtnNg4R5oVXaPzK3jcpKG8UHKDVuDQHzn+wsxSz8RP3aw=="],

    "@internationalized/number": ["@internationalized/number@3.6.5", "", { "dependencies": { "@swc/helpers": "^0.5.0" } }, "sha512-6hY4Kl4HPBvtfS62asS/R22JzNNy8vi/Ssev7x6EobfCp+9QIB2hKvI2EtbdJ0VSQacxVNtqhE/NmF/NZ0gm6g=="],

    "@motionone/animation": ["@motionone/animation@10.18.0", "", { "dependencies": { "@motionone/easing": "^10.18.0", "@motionone/types": "^10.17.1", "@motionone/utils": "^10.18.0", "tslib": "^2.3.1" } }, "sha512-9z2p5GFGCm0gBsZbi8rVMOAJCtw1WqBTIPw3ozk06gDvZInBPIsQcHgYogEJ4yuHJ+akuW8g1SEIOpTOvYs8hw=="],

    "@motionone/dom": ["@motionone/dom@10.18.0", "", { "dependencies": { "@motionone/animation": "^10.18.0", "@motionone/generators": "^10.18.0", "@motionone/types": "^10.17.1", "@motionone/utils": "^10.18.0", "hey-listen": "^1.0.8", "tslib": "^2.3.1" } }, "sha512-bKLP7E0eyO4B2UaHBBN55tnppwRnaE3KFfh3Ps9HhnAkar3Cb69kUCJY9as8LrccVYKgHA+JY5dOQqJLOPhF5A=="],

    "@motionone/easing": ["@motionone/easing@10.18.0", "", { "dependencies": { "@motionone/utils": "^10.18.0", "tslib": "^2.3.1" } }, "sha512-VcjByo7XpdLS4o9T8t99JtgxkdMcNWD3yHU/n6CLEz3bkmKDRZyYQ/wmSf6daum8ZXqfUAgFeCZSpJZIMxaCzg=="],

    "@motionone/generators": ["@motionone/generators@10.18.0", "", { "dependencies": { "@motionone/types": "^10.17.1", "@motionone/utils": "^10.18.0", "tslib": "^2.3.1" } }, "sha512-+qfkC2DtkDj4tHPu+AFKVfR/C30O1vYdvsGYaR13W/1cczPrrcjdvYCj0VLFuRMN+lP1xvpNZHCRNM4fBzn1jg=="],

    "@motionone/types": ["@motionone/types@10.17.1", "", {}, "sha512-KaC4kgiODDz8hswCrS0btrVrzyU2CSQKO7Ps90ibBVSQmjkrt2teqta6/sOG59v7+dPnKMAg13jyqtMKV2yJ7A=="],

    "@motionone/utils": ["@motionone/utils@10.18.0", "", { "dependencies": { "@motionone/types": "^10.17.1", "hey-listen": "^1.0.8", "tslib": "^2.3.1" } }, "sha512-3XVF7sgyTSI2KWvTf6uLlBJ5iAgRgmvp3bpuOiQJvInd4nZ19ET8lX5unn30SlmRH7hXbBbH+Gxd0m0klJ3Xtw=="],

    "@solid-primitives/keyed": ["@solid-primitives/keyed@1.5.2", "", { "peerDependencies": { "solid-js": "^1.6.12" } }, "sha512-BgoEdqPw48URnI+L5sZIHdF4ua4Las1eWEBBPaoSFs42kkhnHue+rwCBPL2Z9ebOyQ75sUhUfOETdJfmv0D6Kg=="],

    "@solid-primitives/props": ["@solid-primitives/props@3.2.2", "", { "dependencies": { "@solid-primitives/utils": "^6.3.2" }, "peerDependencies": { "solid-js": "^1.6.12" } }, "sha512-lZOTwFJajBrshSyg14nBMEP0h8MXzPowGO0s3OeiR3z6nXHTfj0FhzDtJMv+VYoRJKQHG2QRnJTgCzK6erARAw=="],

    "@solid-primitives/refs": ["@solid-primitives/refs@1.1.2", "", { "dependencies": { "@solid-primitives/utils": "^6.3.2" }, "peerDependencies": { "solid-js": "^1.6.12" } }, "sha512-K7tf2thy7L+YJjdqXspXOg5xvNEOH8tgEWsp0+1mQk3obHBRD6hEjYZk7p7FlJphSZImS35je3UfmWuD7MhDfg=="],

    "@solid-primitives/transition-group": ["@solid-primitives/transition-group@1.1.2", "", { "peerDependencies": { "solid-js": "^1.6.12" } }, "sha512-gnHS0OmcdjeoHN9n7Khu8KNrOlRc8a2weETDt2YT6o1zeW/XtUC6Db3Q9pkMU/9cCKdEmN4b0a/41MKAHRhzWA=="],

    "@solid-primitives/utils": ["@solid-primitives/utils@6.3.2", "", { "peerDependencies": { "solid-js": "^1.6.12" } }, "sha512-hZ/M/qr25QOCcwDPOHtGjxTD8w2mNyVAYvcfgwzBHq2RwNqHNdDNsMZYap20+ruRwW4A3Cdkczyoz0TSxLCAPQ=="],

    "@solidjs/meta": ["@solidjs/meta@0.29.4", "", { "peerDependencies": { "solid-js": ">=1.8.4" } }, "sha512-zdIWBGpR9zGx1p1bzIPqF5Gs+Ks/BH8R6fWhmUa/dcK1L2rUC8BAcZJzNRYBQv74kScf1TSOs0EY//Vd/I0V8g=="],

    "@swc/helpers": ["@swc/helpers@0.5.17", "", { "dependencies": { "tslib": "^2.8.0" } }, "sha512-5IKx/Y13RsYd+sauPb2x+U/xZikHjolzfuDgTAl/Tdf3Q8rslRvC19NKDLgAJQ6wsqADk10ntlv08nPFw/gO/A=="],

    "@types/bun": ["@types/bun@1.3.1", "", { "dependencies": { "bun-types": "1.3.1" } }, "sha512-4jNMk2/K9YJtfqwoAa28c8wK+T7nvJFOjxI4h/7sORWcypRNxBpr+TPNaCfVWq70tLCJsqoFwcf0oI0JU/fvMQ=="],

    "@types/node": ["@types/node@20.19.24", "", { "dependencies": { "undici-types": "~6.21.0" } }, "sha512-FE5u0ezmi6y9OZEzlJfg37mqqf6ZDSF2V/NLjUyGrR9uTZ7Sb9F7bLNZ03S4XVUNRWGA7Ck4c1kK+YnuWjl+DA=="],

    "@types/react": ["@types/react@19.2.2", "", { "dependencies": { "csstype": "^3.0.2" } }, "sha512-6mDvHUFSjyT2B2yeNx2nUgMxh9LtOWvkhIU3uePn2I2oyNymUAX1NIsdgviM4CH+JSrp2D2hsMvJOkxY+0wNRA=="],

    "@unocss/core": ["@unocss/core@66.5.4", "", {}, "sha512-UDS2CRgyQCEFH+5kStDyJd7OFtgkIUZYn5Ahr5z7v3jc/pEfeOJ0mxsNAr+FgMS/xb17vy4sVFvx3jj/FwMZ1A=="],

    "@unocss/preset-icons": ["@unocss/preset-icons@66.5.4", "", { "dependencies": { "@iconify/utils": "^3.0.2", "@unocss/core": "66.5.4", "ofetch": "^1.4.1" } }, "sha512-wPR2j191mw89hstQflQvsACzu+3QkueV9lHH8as94By9PKfswWnVZ1nPqJBc3Yl5v8fHEAR1YY4i7egN7TEjIA=="],

    "@unocss/reset": ["@unocss/reset@66.5.4", "", {}, "sha512-RF/Xscv4mOEDUltUpdKYZEBgIiE7nAVkipJ8gZWEwKfmUFz0TRcwlf0igjqjgGn11tuix0mJyk5Uwis9LioX4Q=="],

    "@zag-js/accordion": ["@zag-js/accordion@1.27.0", "", { "dependencies": { "@zag-js/anatomy": "1.27.0", "@zag-js/core": "1.27.0", "@zag-js/dom-query": "1.27.0", "@zag-js/types": "1.27.0", "@zag-js/utils": "1.27.0" } }, "sha512-fRPNZaORLd+pa3dfVMUOhHemf98gq33p0NdwdHwPkl2E2nWsQJkFCbqhAR9DJR/Td5b37rEsmPUtOXMHoKc5dw=="],

    "@zag-js/anatomy": ["@zag-js/anatomy@1.27.0", "", {}, "sha512-fzd+sv0Xn+LbculHDHUMdJUuODwqtr/sVrOl5fcfLhwX1qXV91ZNgN6wWsAdvevG9eoMhP3tGxoei57ys7YlWQ=="],

    "@zag-js/angle-slider": ["@zag-js/angle-slider@1.27.0", "", { "dependencies": { "@zag-js/anatomy": "1.27.0", "@zag-js/core": "1.27.0", "@zag-js/dom-query": "1.27.0", "@zag-js/rect-utils": "1.27.0", "@zag-js/types": "1.27.0", "@zag-js/utils": "1.27.0" } }, "sha512-xDLMmHkX3AXpN0eLccvmbaq/zSzYi8G84ucsI5hjeyofdCIq+ZzXulxFesk1eBKXqut40Umc9UjrFWf2NwL/AA=="],

    "@zag-js/aria-hidden": ["@zag-js/aria-hidden@1.27.0", "", { "dependencies": { "@zag-js/dom-query": "1.27.0" } }, "sha512-kDUl0eey7wBCNFAdrAxvse4Rbto0OpMaa0wf0rm5w+oB2kp7IqK5Tuq6rF4T72HDZHxs4FMhR4puWpmle+2IqA=="],

    "@zag-js/async-list": ["@zag-js/async-list@1.27.0", "", { "dependencies": { "@zag-js/core": "1.27.0", "@zag-js/utils": "1.27.0" } }, "sha512-ts7zxVnt1NHU4VQdBNO3LIkig6Ub2rqWlbJkW3vIhV/2MJsbMya8ZECa2Od7TAYr8Mu4KF0z7qt7JPsnOodImQ=="],

    "@zag-js/auto-resize": ["@zag-js/auto-resize@1.27.0", "", { "dependencies": { "@zag-js/dom-query": "1.27.0" } }, "sha512-E4hBld3CTtKz5mtTZDXX+URzHvKRn/C0fvYnP9BopPZfG4GUCLhnBGEGZxAWV/hLZ1/Rq0I0X+g/iU5hRxKngA=="],

    "@zag-js/avatar": ["@zag-js/avatar@1.27.0", "", { "dependencies": { "@zag-js/anatomy": "1.27.0", "@zag-js/core": "1.27.0", "@zag-js/dom-query": "1.27.0", "@zag-js/types": "1.27.0", "@zag-js/utils": "1.27.0" } }, "sha512-O3o3UQRyltbOysbkHQKRvfeGfG23iuOvXSIsRWbT5Q8rsAoocz3utlV1uoH00bGTvBPimdoYb4vrnLejJDFKfw=="],

    "@zag-js/bottom-sheet": ["@zag-js/bottom-sheet@1.27.0", "", { "dependencies": { "@zag-js/anatomy": "1.27.0", "@zag-js/aria-hidden": "1.27.0", "@zag-js/core": "1.27.0", "@zag-js/dismissable": "1.27.0", "@zag-js/dom-query": "1.27.0", "@zag-js/focus-trap": "1.27.0", "@zag-js/remove-scroll": "1.27.0", "@zag-js/types": "1.27.0", "@zag-js/utils": "1.27.0" } }, "sha512-nswX/7qzF7nGBkMhEQ6UgP//CISUSwzcZIuFJ3RceTNJ1XUarskX/KiC6lf7WTJ2YUPdceRds6Y6EootHGcRHQ=="],

    "@zag-js/carousel": ["@zag-js/carousel@1.27.0", "", { "dependencies": { "@zag-js/anatomy": "1.27.0", "@zag-js/core": "1.27.0", "@zag-js/dom-query": "1.27.0", "@zag-js/scroll-snap": "1.27.0", "@zag-js/types": "1.27.0", "@zag-js/utils": "1.27.0" } }, "sha512-hjRZnV+5swzKHW9MloViQZpAMHN4e7WKMteiZoH5WeTKcq66RetezmlOiyvBBt3k59PZwk0Y8WFxNA0L94Amzw=="],

    "@zag-js/checkbox": ["@zag-js/checkbox@1.27.0", "", { "dependencies": { "@zag-js/anatomy": "1.27.0", "@zag-js/core": "1.27.0", "@zag-js/dom-query": "1.27.0", "@zag-js/focus-visible": "1.27.0", "@zag-js/types": "1.27.0", "@zag-js/utils": "1.27.0" } }, "sha512-nJjGIvGzSOj6t3A/jjDULcSIHIp45Rp+FE100Yad71MDJEfQhXpeHALBGSKJrzn3Bk4QDsmkDrlTXEmXbWtDJg=="],

    "@zag-js/clipboard": ["@zag-js/clipboard@1.27.0", "", { "dependencies": { "@zag-js/anatomy": "1.27.0", "@zag-js/core": "1.27.0", "@zag-js/dom-query": "1.27.0", "@zag-js/types": "1.27.0", "@zag-js/utils": "1.27.0" } }, "sha512-ndEr6zyKj57eHKiTEpNgGNTSRAUFkHKVs5/C1ysgQzDnvSwd+yaSsm4JGYDlmOg5rCCZVY3Cyw4qcsFEQKDiAg=="],

    "@zag-js/collapsible": ["@zag-js/collapsible@1.27.0", "", { "dependencies": { "@zag-js/anatomy": "1.27.0", "@zag-js/core": "1.27.0", "@zag-js/dom-query": "1.27.0", "@zag-js/types": "1.27.0", "@zag-js/utils": "1.27.0" } }, "sha512-IQ88gl+PAEFs4qVrepum8PksykVf2mAKmw+ZSViHnzRYnHGtNEtvgVeJKO9eFEdtMJVtyTKIlExkoQyWdfc9OA=="],

    "@zag-js/collection": ["@zag-js/collection@1.27.0", "", { "dependencies": { "@zag-js/utils": "1.27.0" } }, "sha512-O/2CdEdYbEC8H86CvHRcC31+6+cYPDLWIeGDvylFmwU3qvOLXgWjptDwp/4d60/ni02gPfq7W2qOL2nfMhUH1g=="],

    "@zag-js/color-picker": ["@zag-js/color-picker@1.27.0", "", { "dependencies": { "@zag-js/anatomy": "1.27.0", "@zag-js/color-utils": "1.27.0", "@zag-js/core": "1.27.0", "@zag-js/dismissable": "1.27.0", "@zag-js/dom-query": "1.27.0", "@zag-js/popper": "1.27.0", "@zag-js/types": "1.27.0", "@zag-js/utils": "1.27.0" } }, "sha512-zSM6ZzFlmTcemMH7pNzEsGtwVFmNZc3Nwqno4Fd/1sJSGrkvXAwymYeoRk3PEi0dTcpYwHCn9sCH4M4ZiZJGkw=="],

    "@zag-js/color-utils": ["@zag-js/color-utils@1.27.0", "", { "dependencies": { "@zag-js/utils": "1.27.0" } }, "sha512-ejqLTKM1sE07ZGkaNG1eRCs56hNjHPMgmnZl8GhwOLO7Ku8wnYTNdocdlwYLeV7shV3PFmzl5cVEOH1Dnsifzw=="],

    "@zag-js/combobox": ["@zag-js/combobox@1.27.0", "", { "dependencies": { "@zag-js/anatomy": "1.27.0", "@zag-js/aria-hidden": "1.27.0", "@zag-js/collection": "1.27.0", "@zag-js/core": "1.27.0", "@zag-js/dismissable": "1.27.0", "@zag-js/dom-query": "1.27.0", "@zag-js/popper": "1.27.0", "@zag-js/types": "1.27.0", "@zag-js/utils": "1.27.0" } }, "sha512-PuucoFx6LyHPqdr2PaCgbOrlaDTBgeQa8skVIeKSepS6IMEqJztx9HNLbeCgqcticGB/JxTFv0cfdnm+8F97Uw=="],

    "@zag-js/core": ["@zag-js/core@1.27.0", "", { "dependencies": { "@zag-js/dom-query": "1.27.0", "@zag-js/utils": "1.27.0" } }, "sha512-wM5M4DQE1iCnowivXtDrauzM0cwVFWukxrcNFXB2eX0MPMjMjrb3uGdk5Mm9JxKGKLtAlhloOzijjS7JHwW+SQ=="],

    "@zag-js/date-picker": ["@zag-js/date-picker@1.27.0", "", { "dependencies": { "@zag-js/anatomy": "1.27.0", "@zag-js/core": "1.27.0", "@zag-js/date-utils": "1.27.0", "@zag-js/dismissable": "1.27.0", "@zag-js/dom-query": "1.27.0", "@zag-js/live-region": "1.27.0", "@zag-js/popper": "1.27.0", "@zag-js/types": "1.27.0", "@zag-js/utils": "1.27.0" }, "peerDependencies": { "@internationalized/date": ">=3.0.0" } }, "sha512-EpLkY2BnK8GovEOlG31OoqK7iFqt+lRUKmB/AsECdstAwppr1EoklfeCFPX6FKAejuwrSj0+o4Ds6//9poHjag=="],

    "@zag-js/date-utils": ["@zag-js/date-utils@1.27.0", "", { "peerDependencies": { "@internationalized/date": ">=3.0.0" } }, "sha512-0f669Pjg0bzV8oE7sxZQlnR0sBQAFv8/UEciP5OYRqIvtILpnxoMKuZIzs1ZHt9w24WScB0k6lIqVKXta4lHjA=="],

    "@zag-js/dialog": ["@zag-js/dialog@1.27.0", "", { "dependencies": { "@zag-js/anatomy": "1.27.0", "@zag-js/aria-hidden": "1.27.0", "@zag-js/core": "1.27.0", "@zag-js/dismissable": "1.27.0", "@zag-js/dom-query": "1.27.0", "@zag-js/focus-trap": "1.27.0", "@zag-js/remove-scroll": "1.27.0", "@zag-js/types": "1.27.0", "@zag-js/utils": "1.27.0" } }, "sha512-YnVApCZ9s1AnmwcPExolFoct6llG2lofkjyFrVxPJkQhxk6/qlqFZdeCZArIW1sNiURmyZZBq7AEfbs7jYXKpQ=="],

    "@zag-js/dismissable": ["@zag-js/dismissable@1.27.0", "", { "dependencies": { "@zag-js/dom-query": "1.27.0", "@zag-js/interact-outside": "1.27.0", "@zag-js/utils": "1.27.0" } }, "sha512-ttwJb+C/epldAV9nzENJ0a2lExusq9KHSr6hqFC2WM96xDFyCE7pnDw27PFHwNgSUJWBjMgjx0TRJvWSvzwfCg=="],

    "@zag-js/dom-query": ["@zag-js/dom-query@1.27.0", "", { "dependencies": { "@zag-js/types": "1.27.0" } }, "sha512-URe81xXzbwzZd4EIv/bJrrWuQAS9pZbkL789rsHj/nfcumtTipi5TW7O2EccGvI7edgVCPlih+HS75E7exyUOQ=="],

    "@zag-js/editable": ["@zag-js/editable@1.27.0", "", { "dependencies": { "@zag-js/anatomy": "1.27.0", "@zag-js/core": "1.27.0", "@zag-js/dom-query": "1.27.0", "@zag-js/interact-outside": "1.27.0", "@zag-js/types": "1.27.0", "@zag-js/utils": "1.27.0" } }, "sha512-WNQ3pAouF4i1Qp7CdQm1atv9K3XYWR9ILUzOn3K0P8mkv6fqvszt0KMszXxY0Uqf/GvD5lnDI3ZJ0keNUWNMrQ=="],

    "@zag-js/file-upload": ["@zag-js/file-upload@1.27.0", "", { "dependencies": { "@zag-js/anatomy": "1.27.0", "@zag-js/core": "1.27.0", "@zag-js/dom-query": "1.27.0", "@zag-js/file-utils": "1.27.0", "@zag-js/i18n-utils": "1.27.0", "@zag-js/types": "1.27.0", "@zag-js/utils": "1.27.0" } }, "sha512-AbJQVHeZI083xWusdZwhLP5bGYqAmYsLk5Wu2N8GRX8cghyLI+9IwKoLGjuM7LBpTTul1tBw/fBr8+4LOodGbw=="],

    "@zag-js/file-utils": ["@zag-js/file-utils@1.27.0", "", { "dependencies": { "@zag-js/i18n-utils": "1.27.0" } }, "sha512-jJUR8Q2amS84PuMzEBlTmIrWZmSq2UwPXIF6phAvIA/E9/0S7M4nPu6aWM+b1B4/uxb0yW2Idjq21ybGhbK+sg=="],

    "@zag-js/floating-panel": ["@zag-js/floating-panel@1.27.0", "", { "dependencies": { "@zag-js/anatomy": "1.27.0", "@zag-js/core": "1.27.0", "@zag-js/dom-query": "1.27.0", "@zag-js/popper": "1.27.0", "@zag-js/rect-utils": "1.27.0", "@zag-js/store": "1.27.0", "@zag-js/types": "1.27.0", "@zag-js/utils": "1.27.0" } }, "sha512-/w0eAeHK53zJ07U3z00RjHX9DJz3YZ5UcBnMleR61ymANVd2ICnyxGG/kr29cmnDdizaUE0PcD4p0dwQpJLLEg=="],

    "@zag-js/focus-trap": ["@zag-js/focus-trap@1.27.0", "", { "dependencies": { "@zag-js/dom-query": "1.27.0" } }, "sha512-UzOQ+MkHeRAHnLxMYHZifDDXXZAa7S7pRGt1rFTKw0J7OnrrybwyDYQaBNmQxjrOTShw90pSp7RBMUz9yuUjPA=="],

    "@zag-js/focus-visible": ["@zag-js/focus-visible@1.27.0", "", { "dependencies": { "@zag-js/dom-query": "1.27.0" } }, "sha512-zE53T401uXfdqy1FxfinkqBZ8spE1iXTZ5M+0j2+S62QPwh5UFwbrqO5PSSn2fTkj3KlK6eBYmv6rhvIcFGJCQ=="],

    "@zag-js/highlight-word": ["@zag-js/highlight-word@1.27.0", "", {}, "sha512-0akVl+GX6VIFOmTuKykkkvkswNJKP8nC9tvjlj1/MeMNKu3rR4UTweVdnPlMeiQtp/oh2ArEoN+lCIzz4iPHBg=="],

    "@zag-js/hover-card": ["@zag-js/hover-card@1.27.0", "", { "dependencies": { "@zag-js/anatomy": "1.27.0", "@zag-js/core": "1.27.0", "@zag-js/dismissable": "1.27.0", "@zag-js/dom-query": "1.27.0", "@zag-js/popper": "1.27.0", "@zag-js/types": "1.27.0", "@zag-js/utils": "1.27.0" } }, "sha512-wiBDePKVlVnPqJOGYzXTjza05qmzeDDl0TFz0RPkjc44UZPUWBc/ghgUEW4UP879sI0ip9f2EOFvZJR4jj7N/g=="],

    "@zag-js/i18n-utils": ["@zag-js/i18n-utils@1.27.0", "", { "dependencies": { "@zag-js/dom-query": "1.27.0" } }, "sha512-rWFUTGE+0LkPOOWTmii2M9nNWt+46b7gsEsStrBen+IhRGWKKS+RLr/aJiAC0K4+BZJP0OaEFEMzYZ8IXynSyA=="],

    "@zag-js/interact-outside": ["@zag-js/interact-outside@1.27.0", "", { "dependencies": { "@zag-js/dom-query": "1.27.0", "@zag-js/utils": "1.27.0" } }, "sha512-FhOABcaDq0vQwHSEeI9S/9dcNeghLE5t/TwPzquGUmbDxloczVKMOzkZAZJViQkvtHbMjaCDJnURcyP1KDPUOw=="],

    "@zag-js/json-tree-utils": ["@zag-js/json-tree-utils@1.27.0", "", {}, "sha512-x8xUgXlF2xNjnUAAeOqSBCC4Lw5oiR/k++EZ3KG5uqgkPBOlpveb9lmTBVGMxGI4v1gG7wqdFF5CeWSR5sLaOw=="],

    "@zag-js/listbox": ["@zag-js/listbox@1.27.0", "", { "dependencies": { "@zag-js/anatomy": "1.27.0", "@zag-js/collection": "1.27.0", "@zag-js/core": "1.27.0", "@zag-js/dom-query": "1.27.0", "@zag-js/focus-visible": "1.27.0", "@zag-js/types": "1.27.0", "@zag-js/utils": "1.27.0" } }, "sha512-awND6os+sICTSUxVzckl712TzMrl4bQEhfrMtpYGNgEj9cg33OQd6ljKGllZajqT+zUu+HAuByI9ygm0q9aEJg=="],

    "@zag-js/live-region": ["@zag-js/live-region@1.27.0", "", {}, "sha512-zsu534ILXiaoxf0lviJiBoEPkPLY1uy0N/a2hjfdcz2oCIYDcY8WAh7aubRy7gQRrvkAg84PtxkGA0ymTne3jw=="],

    "@zag-js/marquee": ["@zag-js/marquee@1.27.0", "", { "dependencies": { "@zag-js/anatomy": "1.27.0", "@zag-js/core": "1.27.0", "@zag-js/dom-query": "1.27.0", "@zag-js/types": "1.27.0", "@zag-js/utils": "1.27.0" } }, "sha512-1RtFx8+k4/UfrhVo94dAtFg/GyOyd1QTjOQ4DWmx5hijOtACbi6/QjRWUlep8foyzP4zTwAYszD/ApvZ/OMUTA=="],

    "@zag-js/menu": ["@zag-js/menu@1.27.0", "", { "dependencies": { "@zag-js/anatomy": "1.27.0", "@zag-js/core": "1.27.0", "@zag-js/dismissable": "1.27.0", "@zag-js/dom-query": "1.27.0", "@zag-js/popper": "1.27.0", "@zag-js/rect-utils": "1.27.0", "@zag-js/types": "1.27.0", "@zag-js/utils": "1.27.0" } }, "sha512-R1pCj+zxXLmXHAgtkA/QkBSxBU4/2FG+5PNrUhEkBxdoPQdB4oeYdcqxZRyFKWnganQVPy/bcJi3fF1NXjj+HA=="],

    "@zag-js/number-input": ["@zag-js/number-input@1.27.0", "", { "dependencies": { "@internationalized/number": "3.6.5", "@zag-js/anatomy": "1.27.0", "@zag-js/core": "1.27.0", "@zag-js/dom-query": "1.27.0", "@zag-js/types": "1.27.0", "@zag-js/utils": "1.27.0" } }, "sha512-0FMKxjJLjecX4bB2anDXxPvLuHn3SDyDaZgIqFwSJzr63vSL6X5KRV0G2Y8Rfnu6/HKWNwXmA2jxN/OOPwAYww=="],

    "@zag-js/pagination": ["@zag-js/pagination@1.27.0", "", { "dependencies": { "@zag-js/anatomy": "1.27.0", "@zag-js/core": "1.27.0", "@zag-js/dom-query": "1.27.0", "@zag-js/types": "1.27.0", "@zag-js/utils": "1.27.0" } }, "sha512-rYIf5aY14vNPcK05gL/fsuImgQxZ8YDmfSGZAdosrbgXGzV7oW6HMMq1CtEsruOhJgfd7vp8C1a2KJnmQjjb7Q=="],

    "@zag-js/password-input": ["@zag-js/password-input@1.27.0", "", { "dependencies": { "@zag-js/anatomy": "1.27.0", "@zag-js/core": "1.27.0", "@zag-js/dom-query": "1.27.0", "@zag-js/types": "1.27.0", "@zag-js/utils": "1.27.0" } }, "sha512-MJxiysWKYZU9tD6HwnLuMdriSH0SsS1AtfOD215Gl/rtWTNm2CDujX6BJAX2Gisxki3PqVYLI4VjWo80tucpqw=="],

    "@zag-js/pin-input": ["@zag-js/pin-input@1.27.0", "", { "dependencies": { "@zag-js/anatomy": "1.27.0", "@zag-js/core": "1.27.0", "@zag-js/dom-query": "1.27.0", "@zag-js/types": "1.27.0", "@zag-js/utils": "1.27.0" } }, "sha512-PrOUz/covtfRiwW0l6jDO4ZzFvQkGlxuo+0JgUVbwykUXwT3NWjs+ANdvxETXi6LBQ1r1j2awq6t6lQhAeHkRQ=="],

    "@zag-js/popover": ["@zag-js/popover@1.27.0", "", { "dependencies": { "@zag-js/anatomy": "1.27.0", "@zag-js/aria-hidden": "1.27.0", "@zag-js/core": "1.27.0", "@zag-js/dismissable": "1.27.0", "@zag-js/dom-query": "1.27.0", "@zag-js/focus-trap": "1.27.0", "@zag-js/popper": "1.27.0", "@zag-js/remove-scroll": "1.27.0", "@zag-js/types": "1.27.0", "@zag-js/utils": "1.27.0" } }, "sha512-uRFuZcJfSitv02OPpmEsDmIKJQF9JprXgrsgnNvbDRMw2njfMIXvoDqQS+duqYrnz78QKJL7TSgDy6xXbaEOig=="],

    "@zag-js/popper": ["@zag-js/popper@1.27.0", "", { "dependencies": { "@floating-ui/dom": "1.7.4", "@zag-js/dom-query": "1.27.0", "@zag-js/utils": "1.27.0" } }, "sha512-1eEEdhmIjZ7d9ymCB4QH8iCnPw3SHPNMaIccux3hz1cFZxwkgQprkiMl59BRwXMzM1wBHHQ5B8muznaUVvOMFQ=="],

    "@zag-js/presence": ["@zag-js/presence@1.27.0", "", { "dependencies": { "@zag-js/core": "1.27.0", "@zag-js/dom-query": "1.27.0", "@zag-js/types": "1.27.0" } }, "sha512-u4YCQteURyDHbf6gy6ko9EScqU1qDUdl7xkuMe2Jl+bKRvpOPShA3/yVwLXaEcwQCIURJSg39huWRuuWYYWYjQ=="],

    "@zag-js/progress": ["@zag-js/progress@1.27.0", "", { "dependencies": { "@zag-js/anatomy": "1.27.0", "@zag-js/core": "1.27.0", "@zag-js/dom-query": "1.27.0", "@zag-js/types": "1.27.0", "@zag-js/utils": "1.27.0" } }, "sha512-63cZO153qOrt8c/JWbiQ/x1zk3CJb7fhA7ZCNuGsloPgTEUHBtp0X6V01jSR/Y9SEK7ftUHhWUidTdnP56+5AQ=="],

    "@zag-js/qr-code": ["@zag-js/qr-code@1.27.0", "", { "dependencies": { "@zag-js/anatomy": "1.27.0", "@zag-js/core": "1.27.0", "@zag-js/dom-query": "1.27.0", "@zag-js/types": "1.27.0", "@zag-js/utils": "1.27.0", "proxy-memoize": "3.0.1", "uqr": "0.1.2" } }, "sha512-jaSklNbr+GXwecAn/Ack2tu7YhIsaCtML7YHEEHa23cutVn3JVWH3xaZGkTXlNpfxRbuPUFcX5YRax8hwUkiGg=="],

    "@zag-js/radio-group": ["@zag-js/radio-group@1.27.0", "", { "dependencies": { "@zag-js/anatomy": "1.27.0", "@zag-js/core": "1.27.0", "@zag-js/dom-query": "1.27.0", "@zag-js/focus-visible": "1.27.0", "@zag-js/types": "1.27.0", "@zag-js/utils": "1.27.0" } }, "sha512-VF1d/UlrpdnNN2iL4IzZLu2KBiMopw8qCFvfjSZVthIhEKpPrnc/VgHgZPhYmPveF3+pI22hZ8KUzoacDfd/rA=="],

    "@zag-js/rating-group": ["@zag-js/rating-group@1.27.0", "", { "dependencies": { "@zag-js/anatomy": "1.27.0", "@zag-js/core": "1.27.0", "@zag-js/dom-query": "1.27.0", "@zag-js/types": "1.27.0", "@zag-js/utils": "1.27.0" } }, "sha512-7Mgfgr1UNh9ZF0A7UY5PpT18niMMV6RzrcUFIbBXAIKslfVvjTrT7FPnuT3JJN6BknL6BEYXTvpgf7IEtMyxTg=="],

    "@zag-js/rect-utils": ["@zag-js/rect-utils@1.27.0", "", {}, "sha512-a6WKKURCVxv+c+vSC8K3/c7sHdbGtPNNU26/WRUGDdy9yz6C4cqPMy+43m/0vWF7/+hWLoLLClNQlE76M/PS0Q=="],

    "@zag-js/remove-scroll": ["@zag-js/remove-scroll@1.27.0", "", { "dependencies": { "@zag-js/dom-query": "1.27.0" } }, "sha512-4MtYINKEhY0bz84Ot75+FKtRFXCmz8qyhN9zMfcU12lwvdYY07yDAlzaG10kFCGGmf1RDPOwxmtd+Dl1JcRWXQ=="],

    "@zag-js/scroll-area": ["@zag-js/scroll-area@1.27.0", "", { "dependencies": { "@zag-js/anatomy": "1.27.0", "@zag-js/core": "1.27.0", "@zag-js/dom-query": "1.27.0", "@zag-js/types": "1.27.0", "@zag-js/utils": "1.27.0" } }, "sha512-QF5y2Myturf4mnZKWuN6x8A3u79QaYN7EYfzhOEoAvtOg2ak5dBYgLR0vuxSPsJIh5vYIt160pPohls886lNgQ=="],

    "@zag-js/scroll-snap": ["@zag-js/scroll-snap@1.27.0", "", { "dependencies": { "@zag-js/dom-query": "1.27.0" } }, "sha512-GYhzIkjwl8Oi0LAatKG/0yuPKeY8NzsX1Dvipw1ES8vD3k+bjESf2RY+lc8mQRC3NbOE+UHVA6EfULnxDriBBw=="],

    "@zag-js/select": ["@zag-js/select@1.27.0", "", { "dependencies": { "@zag-js/anatomy": "1.27.0", "@zag-js/collection": "1.27.0", "@zag-js/core": "1.27.0", "@zag-js/dismissable": "1.27.0", "@zag-js/dom-query": "1.27.0", "@zag-js/popper": "1.27.0", "@zag-js/types": "1.27.0", "@zag-js/utils": "1.27.0" } }, "sha512-5IOGaS04vHnMA/3CCTdScoszZGtCsWAUta6qLcC1FGQehwvcoJPPhT2jY6RLE80YdsvUOEdL3hkYPlhH9VsJ5g=="],

    "@zag-js/signature-pad": ["@zag-js/signature-pad@1.27.0", "", { "dependencies": { "@zag-js/anatomy": "1.27.0", "@zag-js/core": "1.27.0", "@zag-js/dom-query": "1.27.0", "@zag-js/types": "1.27.0", "@zag-js/utils": "1.27.0", "perfect-freehand": "^1.2.2" } }, "sha512-rJ1OPkE2D+WmSpwHitwXw73nNXtrxsc0pEyO07DuY1Ua0M7L5OV18JqDc4mWvEI13itSmXF5rkFtCUxI+fIzbg=="],

    "@zag-js/slider": ["@zag-js/slider@1.27.0", "", { "dependencies": { "@zag-js/anatomy": "1.27.0", "@zag-js/core": "1.27.0", "@zag-js/dom-query": "1.27.0", "@zag-js/types": "1.27.0", "@zag-js/utils": "1.27.0" } }, "sha512-XRccFvA5Grflp0HRLCo+Ru2zUGr9Sk7/RNI2O+RSLKbdifFVQnLFK9WTyHHw1ns0qxMZbU1/lNGk4NFg5hh3UQ=="],

    "@zag-js/solid": ["@zag-js/solid@1.27.0", "", { "dependencies": { "@solid-primitives/keyed": "^1.5.2", "@zag-js/core": "1.27.0", "@zag-js/store": "1.27.0", "@zag-js/types": "1.27.0", "@zag-js/utils": "1.27.0" }, "peerDependencies": { "solid-js": ">=1.1.3" } }, "sha512-DjSroNsjre08zBI+R1vZjCG+VaRwONGMEfuWoIH4BPCEXPiGNF5GMJgNPHN4bCJAYW/pkmK6t54DXRfN7LLZFg=="],

    "@zag-js/splitter": ["@zag-js/splitter@1.27.0", "", { "dependencies": { "@zag-js/anatomy": "1.27.0", "@zag-js/core": "1.27.0", "@zag-js/dom-query": "1.27.0", "@zag-js/types": "1.27.0", "@zag-js/utils": "1.27.0" } }, "sha512-uZmKai+3vW9nwsoST//6HtGWdLVuQWgNYQTHy0v69borNR30ng5RrQvy4t6P6orXwWmTEfF8t2paJkvWHYy5/Q=="],

    "@zag-js/steps": ["@zag-js/steps@1.27.0", "", { "dependencies": { "@zag-js/anatomy": "1.27.0", "@zag-js/core": "1.27.0", "@zag-js/dom-query": "1.27.0", "@zag-js/types": "1.27.0", "@zag-js/utils": "1.27.0" } }, "sha512-vaiZBPtgQpPNwDPEXRH7KL/UMc/uvPCal5pbVUZYJlA/QbXSIkfWWaaXY1dQHMN92IbNRYWpfvBPEbMHOvwXwQ=="],

    "@zag-js/store": ["@zag-js/store@1.27.0", "", { "dependencies": { "proxy-compare": "3.0.1" } }, "sha512-LDK02t58I5YerVpW0t4Q3Jvu/NLv6fufeVo2WuGvYw5T6VJ/aGaPoRV8ENRyoSXuW4DSkVVDrm1jQNXuahK8Jg=="],

    "@zag-js/switch": ["@zag-js/switch@1.27.0", "", { "dependencies": { "@zag-js/anatomy": "1.27.0", "@zag-js/core": "1.27.0", "@zag-js/dom-query": "1.27.0", "@zag-js/focus-visible": "1.27.0", "@zag-js/types": "1.27.0", "@zag-js/utils": "1.27.0" } }, "sha512-OYLG/Aer2l8yJDV/7xXCjpGDn+ODnIODXDHJ8QxWoXYqiJggZeX+lLsEODN9Wfj/Ssb9F0h/zdaMXRgp6IWGEg=="],

    "@zag-js/tabs": ["@zag-js/tabs@1.27.0", "", { "dependencies": { "@zag-js/anatomy": "1.27.0", "@zag-js/core": "1.27.0", "@zag-js/dom-query": "1.27.0", "@zag-js/types": "1.27.0", "@zag-js/utils": "1.27.0" } }, "sha512-+PwOMJGjGdcOIpXFyA/zJQaE0d7mboqgAE7GZXkAYZG80pBpQhoEio0RpMg66UvMFEqbjbi6Xb3E4U6Lvt+DtA=="],

    "@zag-js/tags-input": ["@zag-js/tags-input@1.27.0", "", { "dependencies": { "@zag-js/anatomy": "1.27.0", "@zag-js/auto-resize": "1.27.0", "@zag-js/core": "1.27.0", "@zag-js/dom-query": "1.27.0", "@zag-js/interact-outside": "1.27.0", "@zag-js/live-region": "1.27.0", "@zag-js/types": "1.27.0", "@zag-js/utils": "1.27.0" } }, "sha512-xa9/M+5bPr5L4KQjl5X2w7I5NTSspbVcWpFjLw6w2bczo23PeayfOrNDhcFkOenn10OREA7vluVLlLkKJeq48Q=="],

    "@zag-js/timer": ["@zag-js/timer@1.27.0", "", { "dependencies": { "@zag-js/anatomy": "1.27.0", "@zag-js/core": "1.27.0", "@zag-js/dom-query": "1.27.0", "@zag-js/types": "1.27.0", "@zag-js/utils": "1.27.0" } }, "sha512-7jwRMUsSn+FqXAebFLvgcMLU5G9D6j/zD0GfWhW0SEjUATfnMXf/pfqy/qPkEjxw/A+BntzHJ/wvsmemjbchsw=="],

    "@zag-js/toast": ["@zag-js/toast@1.27.0", "", { "dependencies": { "@zag-js/anatomy": "1.27.0", "@zag-js/core": "1.27.0", "@zag-js/dismissable": "1.27.0", "@zag-js/dom-query": "1.27.0", "@zag-js/types": "1.27.0", "@zag-js/utils": "1.27.0" } }, "sha512-Ng6DTh1dNdsTl6xqNJi6QxXxmf2wfA73YQVdLv8AOPG9ppLH/JORrM7XPJl4FQajox7r9mOnAKnHdcPywKZT2A=="],

    "@zag-js/toggle": ["@zag-js/toggle@1.27.0", "", { "dependencies": { "@zag-js/anatomy": "1.27.0", "@zag-js/core": "1.27.0", "@zag-js/dom-query": "1.27.0", "@zag-js/types": "1.27.0", "@zag-js/utils": "1.27.0" } }, "sha512-NzRp02KUlTPI+R7TnNCWxj483jGAIdBRd3GDHTh/kzGzxpPtGP6S8DkpMs9/0bqgm31kkvYPLb2EjMZD2nP1pg=="],

    "@zag-js/toggle-group": ["@zag-js/toggle-group@1.27.0", "", { "dependencies": { "@zag-js/anatomy": "1.27.0", "@zag-js/core": "1.27.0", "@zag-js/dom-query": "1.27.0", "@zag-js/types": "1.27.0", "@zag-js/utils": "1.27.0" } }, "sha512-6yw50UiQryDH6M14dr6x6WQpUjocmaQcGASc0JRh69MbjD9fs0EzpjZBEWhTSjB0GrC6+AIrO/5ToAOTMO8RAw=="],

    "@zag-js/tooltip": ["@zag-js/tooltip@1.27.0", "", { "dependencies": { "@zag-js/anatomy": "1.27.0", "@zag-js/core": "1.27.0", "@zag-js/dom-query": "1.27.0", "@zag-js/focus-visible": "1.27.0", "@zag-js/popper": "1.27.0", "@zag-js/types": "1.27.0", "@zag-js/utils": "1.27.0" } }, "sha512-6rLC39vAnC196xzw00GNeWephveKrj4goCXw+MEIkJTiKSYM78BcZkAndi929isiyda7XJ2Fb5vJ2oUg1vJgEQ=="],

    "@zag-js/tour": ["@zag-js/tour@1.27.0", "", { "dependencies": { "@zag-js/anatomy": "1.27.0", "@zag-js/core": "1.27.0", "@zag-js/dismissable": "1.27.0", "@zag-js/dom-query": "1.27.0", "@zag-js/focus-trap": "1.27.0", "@zag-js/interact-outside": "1.27.0", "@zag-js/popper": "1.27.0", "@zag-js/types": "1.27.0", "@zag-js/utils": "1.27.0" } }, "sha512-tKsDcYLJJP5LY66hAlGP2lwelW1AjUxg3k4LxxEOdmWP//VlVxw6a7auaSPMeJ5kM3g4bn58CYsTTqlSqNZRmQ=="],

    "@zag-js/tree-view": ["@zag-js/tree-view@1.27.0", "", { "dependencies": { "@zag-js/anatomy": "1.27.0", "@zag-js/collection": "1.27.0", "@zag-js/core": "1.27.0", "@zag-js/dom-query": "1.27.0", "@zag-js/types": "1.27.0", "@zag-js/utils": "1.27.0" } }, "sha512-Y3syrU7ht9gQXM7JNwXeBYos1/dpzyS1Of4uWsmV9mlz08VN0d+zTDwPUH4e2xczaEIFW5LMhttf/AGSGT+3Yw=="],

    "@zag-js/types": ["@zag-js/types@1.27.0", "", { "dependencies": { "csstype": "3.1.3" } }, "sha512-gd9G4C4Nszgs8VYE33aDM76olSExGqJi1J0gkH2Z6X9/isG/7AC3sF2R4ucJtfvnliCEX0I0soGFQiLd53S9HA=="],

    "@zag-js/utils": ["@zag-js/utils@1.27.0", "", {}, "sha512-kKaqcQDogeUa3Q9+z1YICBAbBVTPC1RdFdDJ8HJ+RxpbwhsfRmgcYFdtiQu4+nruG82BgoIUtdt9KzQAbM4rHQ=="],

    "acorn": ["acorn@8.15.0", "", { "bin": { "acorn": "bin/acorn" } }, "sha512-NZyJarBfL7nWwIq+FDL6Zp/yHEhePMNnnJ0y3qfieCrmNvYct8uvtiV41UvlSe6apAfk0fY1FbWx+NwfmpvtTg=="],

    "bun-types": ["bun-types@1.3.1", "", { "dependencies": { "@types/node": "*" }, "peerDependencies": { "@types/react": "^19" } }, "sha512-NMrcy7smratanWJ2mMXdpatalovtxVggkj11bScuWuiOoXTiKIu2eVS1/7qbyI/4yHedtsn175n4Sm4JcdHLXw=="],

    "citty": ["citty@0.1.6", "", { "dependencies": { "consola": "^3.2.3" } }, "sha512-tskPPKEs8D2KPafUypv2gxwJP8h/OaJmC82QQGGDQcHvXX43xF2VDACcJVmZ0EuSxkpO9Kc4MlrA3q0+FG58AQ=="],

    "class-variance-authority": ["class-variance-authority@0.7.1", "", { "dependencies": { "clsx": "^2.1.1" } }, "sha512-Ka+9Trutv7G8M6WT6SeiRWz792K5qEqIGEGzXKhAE6xOWAY6pPH8U+9IY3oCMv6kqTmLsv7Xh/2w2RigkePMsg=="],

    "clsx": ["clsx@2.1.1", "", {}, "sha512-eYm0QWBtUrBWZWG0d386OGAw16Z995PiOVo2B7bjWSbHedGl5e0ZWaq65kOGgUSNesEIDkB9ISbTg/JK9dhCZA=="],

    "confbox": ["confbox@0.2.2", "", {}, "sha512-1NB+BKqhtNipMsov4xI/NnhCKp9XG9NamYp5PVm9klAT0fsrNPjaFICsCFhNhwZJKNh7zB/3q8qXz0E9oaMNtQ=="],

    "consola": ["consola@3.4.2", "", {}, "sha512-5IKcdX0nnYavi6G7TtOhwkYzyjfJlatbjMjuLSfE2kYT5pMDOilZ4OvMhi637CcDICTmz3wARPoyhqyX1Y+XvA=="],

    "csstype": ["csstype@3.1.3", "", {}, "sha512-M1uQkMl8rQK/szD0LNhtqxIPLpimGm8sOBwU7lLnCpSbTyY3yeU1Vc7l4KT5zT4s/yOxHH5O7tIuuLOCnLADRw=="],

    "debug": ["debug@4.4.3", "", { "dependencies": { "ms": "^2.1.3" } }, "sha512-RGwwWnwQvkVfavKVt22FGLw+xYSdzARwm0ru6DhTVA3umU5hZc28V3kO4stgYryrTlLpuvgI9GiijltAjNbcqA=="],

    "destr": ["destr@2.0.5", "", {}, "sha512-ugFTXCtDZunbzasqBxrK93Ik/DRYsO6S/fedkWEMKqt04xZ4csmnmwGDBAb07QWNaGMAmnTIemsYZCksjATwsA=="],

    "exsolve": ["exsolve@1.0.7", "", {}, "sha512-VO5fQUzZtI6C+vx4w/4BWJpg3s/5l+6pRQEHzFRM8WFi4XffSP1Z+4qi7GbjWbvRQEbdIco5mIMq+zX4rPuLrw=="],

    "globals": ["globals@15.15.0", "", {}, "sha512-7ACyT3wmyp3I61S4fG682L0VA2RGD9otkqGJIwNUMF1SWUombIIk+af1unuDYgMm082aHYwD+mzJvv9Iu8dsgg=="],

    "hey-listen": ["hey-listen@1.0.8", "", {}, "sha512-COpmrF2NOg4TBWUJ5UVyaCU2A88wEMkUPK4hNqyCkqHbxT92BbvfjoSozkAIIm6XhicGlJHhFdullInrdhwU8Q=="],

    "kolorist": ["kolorist@1.8.0", "", {}, "sha512-Y+60/zizpJ3HRH8DCss+q95yr6145JXZo46OTpFvDZWLfRCE4qChOyk1b26nMaNpfHHgxagk9dXT5OP0Tfe+dQ=="],

    "local-pkg": ["local-pkg@1.1.2", "", { "dependencies": { "mlly": "^1.7.4", "pkg-types": "^2.3.0", "quansync": "^0.2.11" } }, "sha512-arhlxbFRmoQHl33a0Zkle/YWlmNwoyt6QNZEIJcqNbdrsix5Lvc4HyyI3EnwxTYlZYc32EbYrQ8SzEZ7dqgg9A=="],

    "mlly": ["mlly@1.8.0", "", { "dependencies": { "acorn": "^8.15.0", "pathe": "^2.0.3", "pkg-types": "^1.3.1", "ufo": "^1.6.1" } }, "sha512-l8D9ODSRWLe2KHJSifWGwBqpTZXIXTeo8mlKjY+E2HAakaTeNpqAyBZ8GSqLzHgw4XmHmC8whvpjJNMbFZN7/g=="],

    "ms": ["ms@2.1.3", "", {}, "sha512-6FlzubTLZG3J2a/NVCAleEhjzq5oxgHyaCU9yYXvcLsvoVaHJq/s5xXI6/XXP6tz7R9xAOtHnSO/tXtF3WRTlA=="],

    "node-fetch-native": ["node-fetch-native@1.6.7", "", {}, "sha512-g9yhqoedzIUm0nTnTqAQvueMPVOuIY16bqgAJJC8XOOubYFNwz6IER9qs0Gq2Xd0+CecCKFjtdDTMA4u4xG06Q=="],

    "ofetch": ["ofetch@1.4.1", "", { "dependencies": { "destr": "^2.0.3", "node-fetch-native": "^1.6.4", "ufo": "^1.5.4" } }, "sha512-QZj2DfGplQAr2oj9KzceK9Hwz6Whxazmn85yYeVuS3u9XTMOGMRx0kO95MQ+vLsj/S/NwBDMMLU5hpxvI6Tklw=="],

    "package-manager-detector": ["package-manager-detector@1.3.0", "", {}, "sha512-ZsEbbZORsyHuO00lY1kV3/t72yp6Ysay6Pd17ZAlNGuGwmWDLCJxFpRs0IzfXfj1o4icJOkUEioexFHzyPurSQ=="],

    "pathe": ["pathe@2.0.3", "", {}, "sha512-WUjGcAqP1gQacoQe+OBJsFA7Ld4DyXuUIjZ5cc75cLHvJ7dtNsTugphxIADwspS+AraAUePCKrSVtPLFj/F88w=="],

    "perfect-freehand": ["perfect-freehand@1.2.2", "", {}, "sha512-eh31l019WICQ03pkF3FSzHxB8n07ItqIQ++G5UV8JX0zVOXzgTGCqnRR0jJ2h9U8/2uW4W4mtGJELt9kEV0CFQ=="],

    "picocolors": ["picocolors@1.1.1", "", {}, "sha512-xceH2snhtb5M9liqDsmEw56le376mTZkEX/jEb/RxNFyegNul7eNslCXP9FDj/Lcu0X8KEyMceP2ntpaHrDEVA=="],

    "pkg-types": ["pkg-types@2.3.0", "", { "dependencies": { "confbox": "^0.2.2", "exsolve": "^1.0.7", "pathe": "^2.0.3" } }, "sha512-SIqCzDRg0s9npO5XQ3tNZioRY1uK06lA41ynBC1YmFTmnY6FjUjVt6s4LoADmwoig1qqD0oK8h1p/8mlMx8Oig=="],

    "proxy-compare": ["proxy-compare@3.0.1", "", {}, "sha512-V9plBAt3qjMlS1+nC8771KNf6oJ12gExvaxnNzN/9yVRLdTv/lc+oJlnSzrdYDAvBfTStPCoiaCOTmTs0adv7Q=="],

    "proxy-memoize": ["proxy-memoize@3.0.1", "", { "dependencies": { "proxy-compare": "^3.0.0" } }, "sha512-VDdG/VYtOgdGkWJx7y0o7p+zArSf2383Isci8C+BP3YXgMYDoPd3cCBjw0JdWb6YBb9sFiOPbAADDVTPJnh+9g=="],

    "quansync": ["quansync@0.2.11", "", {}, "sha512-AifT7QEbW9Nri4tAwR5M/uzpBuqfZf+zwaEM/QkzEjj7NBuFD2rBuy0K3dE+8wltbezDV7JMA0WfnCPYRSYbXA=="],

    "seroval": ["seroval@1.3.2", "", {}, "sha512-RbcPH1n5cfwKrru7v7+zrZvjLurgHhGyso3HTyGtRivGWgYjbOmGuivCQaORNELjNONoK35nj28EoWul9sb1zQ=="],

    "seroval-plugins": ["seroval-plugins@1.3.3", "", { "peerDependencies": { "seroval": "^1.0" } }, "sha512-16OL3NnUBw8JG1jBLUoZJsLnQq0n5Ua6aHalhJK4fMQkz1lqR7Osz1sA30trBtd9VUDc2NgkuRCn8+/pBwqZ+w=="],

    "sisteransi": ["sisteransi@1.0.5", "", {}, "sha512-bLGGlR1QxBcynn2d5YmDX4MGjlZvy2MRBDRNHLJ8VI6l6+9FUiyTFNJ0IveOSP0bcXgVDPRcfGqA0pjaqUpfVg=="],

    "solid-js": ["solid-js@1.9.10", "", { "dependencies": { "csstype": "^3.1.0", "seroval": "~1.3.0", "seroval-plugins": "~1.3.0" } }, "sha512-Coz956cos/EPDlhs6+jsdTxKuJDPT7B5SVIWgABwROyxjY7Xbr8wkzD68Et+NxnV7DLJ3nJdAC2r9InuV/4Jew=="],

    "solid-motionone": ["solid-motionone@1.0.4", "", { "dependencies": { "@motionone/dom": "^10.17.0", "@motionone/utils": "^10.17.0", "@solid-primitives/props": "^3.1.11", "@solid-primitives/refs": "^1.0.8", "@solid-primitives/transition-group": "^1.0.5", "csstype": "^3.1.3" }, "peerDependencies": { "solid-js": "^1.8.0" } }, "sha512-aqEjgecoO9raDFznu/dEci7ORSmA26Kjj9J4Cn1Gyr0GZuOVdvsNxdxClTL9J40Aq/uYFx4GLwC8n70fMLHiuA=="],

    "solid-notifications": ["solid-notifications@1.2.0", "", { "peerDependencies": { "solid-js": "^1.9.4" } }, "sha512-tpW7XrStex1Cn4M3hepSvPhKLlAm50hyd7d2HOr08yiZYqn/fOJlB36OST0NOtB2POoeclmApbt/tXL+4j556w=="],

    "tinyexec": ["tinyexec@1.0.1", "", {}, "sha512-5uC6DDlmeqiOwCPmK9jMSdOuZTh8bU39Ys6yidB+UTt5hfZUPGAypSgFRiEp+jbi9qH40BLDvy85jIU88wKSqw=="],

    "tslib": ["tslib@2.8.1", "", {}, "sha512-oJFu94HQb+KVduSUQL7wnpmqnfmLsOA/nAh6b6EH0wCEoK0/mPeXU6c3wKDV83MkOuHPRHtSXKKU99IBazS/2w=="],

    "typescript": ["typescript@5.9.3", "", { "bin": { "tsc": "bin/tsc", "tsserver": "bin/tsserver" } }, "sha512-jl1vZzPDinLr9eUt3J/t7V6FgNEw9QjvBPdysz9KfQDD41fQrC2Y4vKQdiaUpFT4bXlb1RHhLpp8wtm6M5TgSw=="],

    "ufo": ["ufo@1.6.1", "", {}, "sha512-9a4/uxlTWJ4+a5i0ooc1rU7C7YOw3wT+UGqdeNNHWnOF9qcMBgLRS+4IYUqbczewFx4mLEig6gawh7X6mFlEkA=="],

    "undici-types": ["undici-types@6.21.0", "", {}, "sha512-iwDZqg0QAGrg9Rav5H4n0M64c3mkR59cJ6wQp+7C4nI0gsmExaedaYLNO44eT4AtBBwjbTiGPMlt2Md0T9H9JQ=="],

    "unocss-merge": ["unocss-merge@0.6.0", "", { "peerDependencies": { "memoize": "^10.1.0", "react": ">=18" }, "optionalPeers": ["memoize", "react"] }, "sha512-rPeY66NGwmasw7yVTVQ3bE5sX4go0UhNXJGE2+UKWDVfqBlTZLqBVThW/vQnB+4njKO7M8y3jVwzHI2UlAUtTQ=="],

    "uqr": ["uqr@0.1.2", "", {}, "sha512-MJu7ypHq6QasgF5YRTjqscSzQp/W11zoUk6kvmlH+fmWEs63Y0Eib13hYFwAzagRJcVY8WVnlV+eBDUGMJ5IbA=="],

    "mlly/pkg-types": ["pkg-types@1.3.1", "", { "dependencies": { "confbox": "^0.1.8", "mlly": "^1.7.4", "pathe": "^2.0.1" } }, "sha512-/Jm5M4RvtBFVkKWRu2BLUTNP8/M2a+UwuAX+ae4770q1qVGtfjG+WTCupoZixokjmHiry8uI+dlY8KXYV5HVVQ=="],

    "proxy-memoize/proxy-compare": ["proxy-compare@3.0.0", "", {}, "sha512-y44MCkgtZUCT9tZGuE278fB7PWVf7fRYy0vbRXAts2o5F0EfC4fIQrvQQGBJo1WJbFcVLXzApOscyJuZqHQc1w=="],

    "mlly/pkg-types/confbox": ["confbox@0.1.8", "", {}, "sha512-RMtmw0iFkeR4YV+fUOSucriAQNb9g8zFR52MWCtl+cCZOFRNL6zeB395vPzFhEjjn4fMxXudmELnl/KF/WrK6w=="],
  }
}
